<?xml version="1.0" encoding="UTF-8" standalone="yes" ?>
<CodeBlocks_project_file>
	<FileVersion major="1" minor="6" />
	<Project>
		<Option title="diesel" />
		<Option pch_mode="2" />
		<Option compiler="gcc" />
		<Build>
			<Target title="Debug">
				<Option output="bin\Debug\diesel" prefix_auto="1" extension_auto="1" />
				<Option object_output="obj\Debug\" />
				<Option type="1" />
				<Option compiler="gcc" />
				<Compiler>
					<Add option="-g" />
				</Compiler>
			</Target>
			<Target title="Release">
				<Option output="bin\Release\diesel" prefix_auto="1" extension_auto="1" />
				<Option object_output="obj\Release\" />
				<Option type="1" />
				<Option compiler="gcc" />
				<Compiler>
					<Add option="-O2" />
				</Compiler>
				<Linker>
					<Add option="-s" />
				</Linker>
			</Target>
		</Build>
		<Compiler>
			<Add option="-Wall" />
		</Compiler>
		<Linker>
			<Add library="C:\Program Files (x86)\CodeBlocks\MinGW\lib\libopengl32.a" />
			<Add library="C:\Program Files (x86)\CodeBlocks\MinGW\lib\libgdi32.a" />
			<Add library="C:\Program Files (x86)\CodeBlocks\MinGW\lib\libwinmm.a" />
		</Linker>
		<Unit filename="armature.h" />
		<Unit filename="array.cpp" />
		<Unit filename="array.h" />
		<Unit filename="collada.cpp" />
		<Unit filename="collada.h" />
		<Unit filename="druidentity.cpp" />
		<Unit filename="entity.h" />
		<Unit filename="environment.cpp" />
		<Unit filename="environment.h" />
		<Unit filename="file.h" />
		<Unit filename="gamepad.cpp" />
		<Unit filename="gamepad.h" />
		<Unit filename="gl3w.c">
			<Option compilerVar="CC" />
		</Unit>
		<Unit filename="image.cpp" />
		<Unit filename="image.h" />
		<Unit filename="log.cpp" />
		<Unit filename="log.h" />
		<Unit filename="matrix.h" />
		<Unit filename="osabs.cpp" />
		<Unit filename="osabs.h" />
		<Unit filename="post.cpp" />
		<Unit filename="post.h" />
		<Unit filename="project.h" />
		<Unit filename="resource.h" />
		<Unit filename="sky.cpp" />
		<Unit filename="sky.h" />
		<Unit filename="standardphysicsentity.cpp" />
		<Unit filename="state.cpp" />
		<Unit filename="state.h" />
		<Unit filename="testmain.cpp" />
		<Unit filename="text.cpp" />
		<Unit filename="text.h" />
		<Unit filename="vector.h" />
		<Unit filename="xml.cpp" />
		<Unit filename="xml.h" />
		<Extensions>
			<code_completion />
			<debugger />
		</Extensions>
	</Project>
</CodeBlocks_project_file>
